<?xml version="1.0" encoding="utf-8"?>
<Project ToolsVersion="4.0" xmlns="http://schemas.microsoft.com/developer/msbuild/2003">
  <ItemGroup>
    <Filter Include="Source Files">
      <UniqueIdentifier>{4FC737F1-C7A5-4376-A066-2A32D752A2FF}</UniqueIdentifier>
      <Extensions>cpp;c;cc;cxx;def;odl;idl;hpj;bat;asm;asmx</Extensions>
    </Filter>
    <Filter Include="Header Files">
      <UniqueIdentifier>{93995380-89BD-4b04-88EB-625FBE52EBFB}</UniqueIdentifier>
      <Extensions>h;hh;hpp;hxx;hm;inl;inc;xsd</Extensions>
    </Filter>
    <Filter Include="Resource Files">
      <UniqueIdentifier>{67DA6AB6-F800-4c08-8B7A-83BB121AAD01}</UniqueIdentifier>
      <Extensions>rc;ico;cur;bmp;dlg;rc2;rct;bin;rgs;gif;jpg;jpeg;jpe;resx;tiff;tif;png;wav;mfcribbon-ms</Extensions>
    </Filter>
    <Filter Include="Shaders">
      <UniqueIdentifier>{5f37ec8c-c624-4f3d-8d2e-1571a1df475b}</UniqueIdentifier>
    </Filter>
    <Filter Include="Header Files\Graphic">
      <UniqueIdentifier>{cb903014-5a4c-46c5-a2c2-cb28c60d9bef}</UniqueIdentifier>
    </Filter>
    <Filter Include="Source Files\Graphic">
      <UniqueIdentifier>{4e49e61a-a762-4573-a4b5-43cf423e5a70}</UniqueIdentifier>
    </Filter>
    <Filter Include="Header Files\World">
      <UniqueIdentifier>{d3a958ea-238d-4120-ade2-4e6ea1055cc7}</UniqueIdentifier>
    </Filter>
    <Filter Include="Source Files\World">
      <UniqueIdentifier>{e9f9dc7b-e0de-428b-95bf-ec13476558fd}</UniqueIdentifier>
    </Filter>
    <Filter Include="Externals">
      <UniqueIdentifier>{5ec138f3-3c1f-4acf-8d08-932e6948b8a2}</UniqueIdentifier>
    </Filter>
    <Filter Include="Externals\imgui">
      <UniqueIdentifier>{a1120208-bce0-41aa-ab4b-26aa465b312c}</UniqueIdentifier>
    </Filter>
  </ItemGroup>
  <ItemGroup>
    <ClCompile Include="Main.cpp">
      <Filter>Source Files</Filter>
    </ClCompile>
    <ClCompile Include="DXCore.cpp">
      <Filter>Source Files</Filter>
    </ClCompile>
    <ClCompile Include="SimpleShader.cpp">
      <Filter>Source Files</Filter>
    </ClCompile>
    <ClCompile Include="Mesh.cpp">
      <Filter>Source Files\Graphic</Filter>
    </ClCompile>
    <ClCompile Include="WorldMain.cpp">
      <Filter>Source Files\World</Filter>
    </ClCompile>
    <ClCompile Include="Camera.cpp">
      <Filter>Source Files</Filter>
    </ClCompile>
    <ClCompile Include="Files\KGraphic\Camera.cpp">
      <Filter>Source Files</Filter>
    </ClCompile>
    <ClCompile Include="Files\KGraphic\GraphicMain.cpp">
      <Filter>Source Files</Filter>
    </ClCompile>
    <ClCompile Include="Files\KGraphic\Object_KGraphic.cpp">
      <Filter>Source Files</Filter>
    </ClCompile>
    <ClCompile Include="Files\KGraphic\Shader.cpp">
      <Filter>Source Files</Filter>
    </ClCompile>
    <ClCompile Include="KContext.cpp">
      <Filter>Source Files</Filter>
    </ClCompile>
    <ClCompile Include="Object.cpp">
      <Filter>Source Files\World</Filter>
    </ClCompile>
    <ClCompile Include="Files\Input\PlayerInput.cpp">
      <Filter>Source Files</Filter>
    </ClCompile>
    <ClCompile Include="Files\UI\imgui_demo_main.cpp">
      <Filter>Source Files</Filter>
    </ClCompile>
    <ClCompile Include="Files\UI\imgui_impl_dx11.cpp">
      <Filter>Source Files</Filter>
    </ClCompile>
    <ClCompile Include="Files\UI\UIContext.cpp">
      <Filter>Source Files</Filter>
    </ClCompile>
    <ClCompile Include="Include\imgui\imgui.cpp">
      <Filter>Source Files</Filter>
    </ClCompile>
    <ClCompile Include="Include\imgui\imgui_demo.cpp">
      <Filter>Source Files</Filter>
    </ClCompile>
    <ClCompile Include="Include\imgui\imgui_draw.cpp">
      <Filter>Source Files</Filter>
    </ClCompile>
  </ItemGroup>
  <ItemGroup>
    <ClInclude Include="DXCore.h">
      <Filter>Header Files</Filter>
    </ClInclude>
    <ClInclude Include="SimpleShader.h">
      <Filter>Header Files</Filter>
    </ClInclude>
    <ClInclude Include="Vertex.h">
      <Filter>Header Files</Filter>
    </ClInclude>
    <ClInclude Include="Mesh.h">
      <Filter>Header Files\Graphic</Filter>
    </ClInclude>
    <ClInclude Include="WorldMain.h">
      <Filter>Header Files\World</Filter>
    </ClInclude>
    <ClInclude Include="Camera.h">
      <Filter>Header Files\World</Filter>
    </ClInclude>
    <ClInclude Include="Material.h">
      <Filter>Header Files\Graphic</Filter>
    </ClInclude>
    <ClInclude Include="Files\KGraphic\Camera.h">
      <Filter>Header Files</Filter>
    </ClInclude>
    <ClInclude Include="Files\KGraphic\GraphicMain.h">
      <Filter>Header Files</Filter>
    </ClInclude>
    <ClInclude Include="Files\KGraphic\Model.h">
      <Filter>Header Files</Filter>
    </ClInclude>
    <ClInclude Include="Files\KGraphic\Object.h">
      <Filter>Header Files</Filter>
    </ClInclude>
    <ClInclude Include="Files\KGraphic\Scene.h">
      <Filter>Header Files</Filter>
    </ClInclude>
    <ClInclude Include="Files\KGraphic\Shader.h">
      <Filter>Header Files</Filter>
    </ClInclude>
    <ClInclude Include="KContext.h">
      <Filter>Header Files</Filter>
    </ClInclude>
    <ClInclude Include="Object.h">
      <Filter>Header Files\World</Filter>
    </ClInclude>
    <ClInclude Include="Files\Input\PlayerInput.h">
      <Filter>Header Files</Filter>
    </ClInclude>
    <ClInclude Include="Files\Input\InputCall.h">
      <Filter>Header Files</Filter>
    </ClInclude>
    <ClInclude Include="Files\Input\InputEnums.h">
      <Filter>Header Files</Filter>
    </ClInclude>
    <ClInclude Include="Files\UI\imgui_impl_dx11.h">
      <Filter>Header Files</Filter>
    </ClInclude>
    <ClInclude Include="Files\UI\UIContext.h">
      <Filter>Header Files</Filter>
    </ClInclude>
  </ItemGroup>
  <ItemGroup>
    <FxCompile Include="PixelShader.hlsl">
      <Filter>Shaders</Filter>
    </FxCompile>
    <FxCompile Include="VertexShader.hlsl">
      <Filter>Shaders</Filter>
    </FxCompile>
  </ItemGroup>
</Project>