<?xml version="1.0" encoding="utf-8"?>
<Project ToolsVersion="4.0" xmlns="http://schemas.microsoft.com/developer/msbuild/2003">
  <ItemGroup>
    <Filter Include="Source Files">
      <UniqueIdentifier>{4FC737F1-C7A5-4376-A066-2A32D752A2FF}</UniqueIdentifier>
      <Extensions>cpp;c;cc;cxx;def;odl;idl;hpj;bat;asm;asmx</Extensions>
    </Filter>
    <Filter Include="Header Files">
      <UniqueIdentifier>{93995380-89BD-4b04-88EB-625FBE52EBFB}</UniqueIdentifier>
      <Extensions>h;hh;hpp;hxx;hm;inl;inc;xsd</Extensions>
    </Filter>
    <Filter Include="Resource Files">
      <UniqueIdentifier>{67DA6AB6-F800-4c08-8B7A-83BB121AAD01}</UniqueIdentifier>
      <Extensions>rc;ico;cur;bmp;dlg;rc2;rct;bin;rgs;gif;jpg;jpeg;jpe;resx;tiff;tif;png;wav;mfcribbon-ms</Extensions>
    </Filter>
    <Filter Include="Source Files\Main">
      <UniqueIdentifier>{730ed035-360e-4e38-8d55-011d6be76203}</UniqueIdentifier>
    </Filter>
    <Filter Include="Source Files\Linker">
      <UniqueIdentifier>{bbb4e949-40e3-47a8-8388-3d132a0e82ed}</UniqueIdentifier>
    </Filter>
    <Filter Include="Header Files\Linker">
      <UniqueIdentifier>{40fc1690-4354-4929-b1ec-8a0678957e1e}</UniqueIdentifier>
    </Filter>
  </ItemGroup>
  <ItemGroup>
    <ClCompile Include="main.cpp">
      <Filter>Source Files\Main</Filter>
    </ClCompile>
    <ClCompile Include="Files\KGLFW\GLFW_Context.cpp">
      <Filter>Source Files</Filter>
    </ClCompile>
    <ClCompile Include="Files\KGraphic\Camera.cpp">
      <Filter>Source Files</Filter>
    </ClCompile>
    <ClCompile Include="Files\KGraphic\GraphicMain.cpp">
      <Filter>Source Files</Filter>
    </ClCompile>
    <ClCompile Include="Files\KGraphic\Shader.cpp">
      <Filter>Source Files</Filter>
    </ClCompile>
    <ClCompile Include="Files\KOpenGL\KVertexArrayObject.cpp">
      <Filter>Source Files</Filter>
    </ClCompile>
    <ClCompile Include="Files\KOpenGL\OpenGLMain.cpp">
      <Filter>Source Files</Filter>
    </ClCompile>
    <ClCompile Include="Files\KOpenGL\Program_Default.cpp">
      <Filter>Source Files</Filter>
    </ClCompile>
    <ClCompile Include="Files\KOpenGL\Shader.cpp">
      <Filter>Source Files</Filter>
    </ClCompile>
    <ClCompile Include="Files\KOpenGL\Shader_Element.cpp">
      <Filter>Source Files</Filter>
    </ClCompile>
    <ClCompile Include="Files\KUtility\Easy_OpenGL.cpp">
      <Filter>Source Files</Filter>
    </ClCompile>
    <ClCompile Include="Files\KUtility\Easy_STD.cpp">
      <Filter>Source Files</Filter>
    </ClCompile>
    <ClCompile Include="Files\KWorld\Object.cpp">
      <Filter>Source Files</Filter>
    </ClCompile>
    <ClCompile Include="Files\KWorld\Script.cpp">
      <Filter>Source Files</Filter>
    </ClCompile>
    <ClCompile Include="Files\KWorld\World.cpp">
      <Filter>Source Files</Filter>
    </ClCompile>
    <ClCompile Include="Files\Linker\Graphic_OpenGL.cpp">
      <Filter>Source Files</Filter>
    </ClCompile>
    <ClCompile Include="Files\AssimpScene.cpp">
      <Filter>Source Files</Filter>
    </ClCompile>
    <ClCompile Include="Files\GameMain.cpp">
      <Filter>Source Files</Filter>
    </ClCompile>
    <ClCompile Include="Files\PlayerInput.cpp">
      <Filter>Source Files</Filter>
    </ClCompile>
    <ClCompile Include="Files\KGraphic\KGLFW\GLFW_GraphicMain.cpp">
      <Filter>Source Files</Filter>
    </ClCompile>
    <ClCompile Include="Files\KGraphic\Object_KGraphic.cpp">
      <Filter>Source Files</Filter>
    </ClCompile>
    <ClCompile Include="Files\KGraphic\KGLFW\Shader_GLFW.cpp">
      <Filter>Source Files</Filter>
    </ClCompile>
  </ItemGroup>
  <ItemGroup>
    <ClInclude Include="Files\KGLFW\GLEW_GLFW.h">
      <Filter>Header Files</Filter>
    </ClInclude>
    <ClInclude Include="Files\KGLFW\GLFW_Context.h">
      <Filter>Header Files</Filter>
    </ClInclude>
    <ClInclude Include="Files\KGLFW\I_GLFW_Calls.h">
      <Filter>Header Files</Filter>
    </ClInclude>
    <ClInclude Include="Files\KGraphic\KGLFW\GraphicMain.h">
      <Filter>Header Files</Filter>
    </ClInclude>
    <ClInclude Include="Files\KGraphic\Camera.h">
      <Filter>Header Files</Filter>
    </ClInclude>
    <ClInclude Include="Files\KGraphic\GraphicMain.h">
      <Filter>Header Files</Filter>
    </ClInclude>
    <ClInclude Include="Files\KGraphic\Model.h">
      <Filter>Header Files</Filter>
    </ClInclude>
    <ClInclude Include="Files\KGraphic\Object.h">
      <Filter>Header Files</Filter>
    </ClInclude>
    <ClInclude Include="Files\KGraphic\Scene.h">
      <Filter>Header Files</Filter>
    </ClInclude>
    <ClInclude Include="Files\KGraphic\Shader.h">
      <Filter>Header Files</Filter>
    </ClInclude>
    <ClInclude Include="Files\KOpenGL\KVertexArrayObject.h">
      <Filter>Header Files</Filter>
    </ClInclude>
    <ClInclude Include="Files\KOpenGL\OpenGLCalls.h">
      <Filter>Header Files</Filter>
    </ClInclude>
    <ClInclude Include="Files\KOpenGL\OpenGLMain.h">
      <Filter>Header Files</Filter>
    </ClInclude>
    <ClInclude Include="Files\KOpenGL\Program_Default.h">
      <Filter>Header Files</Filter>
    </ClInclude>
    <ClInclude Include="Files\KOpenGL\Shader.h">
      <Filter>Header Files</Filter>
    </ClInclude>
    <ClInclude Include="Files\KOpenGL\Shader_Element.h">
      <Filter>Header Files</Filter>
    </ClInclude>
    <ClInclude Include="Files\KUtility\Easy_GLSL.h">
      <Filter>Header Files</Filter>
    </ClInclude>
    <ClInclude Include="Files\KUtility\Easy_OpenGL.h">
      <Filter>Header Files</Filter>
    </ClInclude>
    <ClInclude Include="Files\KUtility\Easy_STD.h">
      <Filter>Header Files</Filter>
    </ClInclude>
    <ClInclude Include="Files\KWorld\Object.h">
      <Filter>Header Files</Filter>
    </ClInclude>
    <ClInclude Include="Files\KWorld\Script.h">
      <Filter>Header Files</Filter>
    </ClInclude>
    <ClInclude Include="Files\KWorld\World.h">
      <Filter>Header Files</Filter>
    </ClInclude>
    <ClInclude Include="Files\Linker\Graphic_OpenGL.h">
      <Filter>Header Files</Filter>
    </ClInclude>
    <ClInclude Include="Files\AssimpScene.h">
      <Filter>Header Files</Filter>
    </ClInclude>
    <ClInclude Include="Files\GameEye.h">
      <Filter>Header Files</Filter>
    </ClInclude>
    <ClInclude Include="Files\GameMain.h">
      <Filter>Header Files</Filter>
    </ClInclude>
    <ClInclude Include="Files\Include_WorldObjectScript.h">
      <Filter>Header Files</Filter>
    </ClInclude>
    <ClInclude Include="Files\InputCall.h">
      <Filter>Header Files</Filter>
    </ClInclude>
    <ClInclude Include="Files\PlayerInput.h">
      <Filter>Header Files</Filter>
    </ClInclude>
    <ClInclude Include="Files\KGraphic\KGLFW\Shader.h">
      <Filter>Header Files</Filter>
    </ClInclude>
  </ItemGroup>
</Project>